
Microsoft Visual Studio Solution File, Format Version 12.00
# Visual Studio Version 16
VisualStudioVersion = 16.0.31515.178
MinimumVisualStudioVersion = 10.0.40219.1
Project("{2150E333-8FDC-42A3-9474-1A3956D46DE8}") = "Services", "Services", "{F8D6FE3F-16D2-45B1-A0CA-812D0A4936D3}"
EndProject
Project("{2150E333-8FDC-42A3-9474-1A3956D46DE8}") = "ItemRequest", "ItemRequest", "{CA8D2DE3-7F76-444B-ACAB-6A4DBFF95222}"
EndProject
Project("{2150E333-8FDC-42A3-9474-1A3956D46DE8}") = "ItemIssue", "ItemIssue", "{8FE771A6-2BA9-42CF-8B47-EFD24F56AA50}"
EndProject
Project("{2150E333-8FDC-42A3-9474-1A3956D46DE8}") = "Item", "Item", "{53485449-CF43-4387-BCF5-5964988BB8A1}"
EndProject
Project("{9A19103F-16F7-4668-BE54-9A1E7A4F7556}") = "Item.Domain", "Services\ItemAPI\Item.Domain\Item.Domain.csproj", "{1BCFCD71-448C-41DD-B71F-933671CB153F}"
EndProject
Project("{9A19103F-16F7-4668-BE54-9A1E7A4F7556}") = "Item.Application", "Services\ItemAPI\Item.Application\Item.Application.csproj", "{E53A7B4E-2E8D-4890-A40F-52CE6228B71C}"
EndProject
Project("{9A19103F-16F7-4668-BE54-9A1E7A4F7556}") = "Item.Infrastracture", "Services\ItemAPI\Item.Infrastracture\Item.Infrastracture.csproj", "{D4F77BAC-BB74-4FB5-A5A9-AE52DBE62A45}"
EndProject
Project("{2150E333-8FDC-42A3-9474-1A3956D46DE8}") = "ItemPurchase", "ItemPurchase", "{53342954-28A7-4F86-9F84-8427F2CF175D}"
EndProject
Project("{FAE04EC0-301F-11D3-BF4B-00C04F79EFBC}") = "Purchase.Domain", "Services\PurchaseAPI\Purchase.Domain\Purchase.Domain.csproj", "{5791F1D0-F6BF-4DA4-890B-39B19EA0E476}"
EndProject
Project("{FAE04EC0-301F-11D3-BF4B-00C04F79EFBC}") = "Purchase.Application", "Services\PurchaseAPI\Purchase.Application\Purchase.Application.csproj", "{9F24A380-A4C2-4DF6-A155-41653CAA65C5}"
EndProject
Project("{FAE04EC0-301F-11D3-BF4B-00C04F79EFBC}") = "Purchase.Infrastructure", "Services\PurchaseAPI\Purchase.Infrastructure\Purchase.Infrastructure.csproj", "{506751A2-9918-45FE-821A-D27906268A78}"
EndProject
Global
	GlobalSection(SolutionConfigurationPlatforms) = preSolution
		Debug|Any CPU = Debug|Any CPU
		Release|Any CPU = Release|Any CPU
	EndGlobalSection
	GlobalSection(ProjectConfigurationPlatforms) = postSolution
		{1BCFCD71-448C-41DD-B71F-933671CB153F}.Debug|Any CPU.ActiveCfg = Debug|Any CPU
		{1BCFCD71-448C-41DD-B71F-933671CB153F}.Debug|Any CPU.Build.0 = Debug|Any CPU
		{1BCFCD71-448C-41DD-B71F-933671CB153F}.Release|Any CPU.ActiveCfg = Release|Any CPU
		{1BCFCD71-448C-41DD-B71F-933671CB153F}.Release|Any CPU.Build.0 = Release|Any CPU
		{E53A7B4E-2E8D-4890-A40F-52CE6228B71C}.Debug|Any CPU.ActiveCfg = Debug|Any CPU
		{E53A7B4E-2E8D-4890-A40F-52CE6228B71C}.Debug|Any CPU.Build.0 = Debug|Any CPU
		{E53A7B4E-2E8D-4890-A40F-52CE6228B71C}.Release|Any CPU.ActiveCfg = Release|Any CPU
		{E53A7B4E-2E8D-4890-A40F-52CE6228B71C}.Release|Any CPU.Build.0 = Release|Any CPU
		{D4F77BAC-BB74-4FB5-A5A9-AE52DBE62A45}.Debug|Any CPU.ActiveCfg = Debug|Any CPU
		{D4F77BAC-BB74-4FB5-A5A9-AE52DBE62A45}.Debug|Any CPU.Build.0 = Debug|Any CPU
		{D4F77BAC-BB74-4FB5-A5A9-AE52DBE62A45}.Release|Any CPU.ActiveCfg = Release|Any CPU
		{D4F77BAC-BB74-4FB5-A5A9-AE52DBE62A45}.Release|Any CPU.Build.0 = Release|Any CPU
		{5791F1D0-F6BF-4DA4-890B-39B19EA0E476}.Debug|Any CPU.ActiveCfg = Debug|Any CPU
		{5791F1D0-F6BF-4DA4-890B-39B19EA0E476}.Debug|Any CPU.Build.0 = Debug|Any CPU
		{5791F1D0-F6BF-4DA4-890B-39B19EA0E476}.Release|Any CPU.ActiveCfg = Release|Any CPU
		{5791F1D0-F6BF-4DA4-890B-39B19EA0E476}.Release|Any CPU.Build.0 = Release|Any CPU
		{9F24A380-A4C2-4DF6-A155-41653CAA65C5}.Debug|Any CPU.ActiveCfg = Debug|Any CPU
		{9F24A380-A4C2-4DF6-A155-41653CAA65C5}.Debug|Any CPU.Build.0 = Debug|Any CPU
		{9F24A380-A4C2-4DF6-A155-41653CAA65C5}.Release|Any CPU.ActiveCfg = Release|Any CPU
		{9F24A380-A4C2-4DF6-A155-41653CAA65C5}.Release|Any CPU.Build.0 = Release|Any CPU
		{506751A2-9918-45FE-821A-D27906268A78}.Debug|Any CPU.ActiveCfg = Debug|Any CPU
		{506751A2-9918-45FE-821A-D27906268A78}.Debug|Any CPU.Build.0 = Debug|Any CPU
		{506751A2-9918-45FE-821A-D27906268A78}.Release|Any CPU.ActiveCfg = Release|Any CPU
		{506751A2-9918-45FE-821A-D27906268A78}.Release|Any CPU.Build.0 = Release|Any CPU
	EndGlobalSection
	GlobalSection(SolutionProperties) = preSolution
		HideSolutionNode = FALSE
	EndGlobalSection
	GlobalSection(NestedProjects) = preSolution
		{CA8D2DE3-7F76-444B-ACAB-6A4DBFF95222} = {F8D6FE3F-16D2-45B1-A0CA-812D0A4936D3}
		{8FE771A6-2BA9-42CF-8B47-EFD24F56AA50} = {F8D6FE3F-16D2-45B1-A0CA-812D0A4936D3}
		{53485449-CF43-4387-BCF5-5964988BB8A1} = {F8D6FE3F-16D2-45B1-A0CA-812D0A4936D3}
		{1BCFCD71-448C-41DD-B71F-933671CB153F} = {53485449-CF43-4387-BCF5-5964988BB8A1}
		{E53A7B4E-2E8D-4890-A40F-52CE6228B71C} = {53485449-CF43-4387-BCF5-5964988BB8A1}
		{D4F77BAC-BB74-4FB5-A5A9-AE52DBE62A45} = {53485449-CF43-4387-BCF5-5964988BB8A1}
		{53342954-28A7-4F86-9F84-8427F2CF175D} = {F8D6FE3F-16D2-45B1-A0CA-812D0A4936D3}
		{5791F1D0-F6BF-4DA4-890B-39B19EA0E476} = {53342954-28A7-4F86-9F84-8427F2CF175D}
		{9F24A380-A4C2-4DF6-A155-41653CAA65C5} = {53342954-28A7-4F86-9F84-8427F2CF175D}
		{506751A2-9918-45FE-821A-D27906268A78} = {53342954-28A7-4F86-9F84-8427F2CF175D}
	EndGlobalSection
	GlobalSection(ExtensibilityGlobals) = postSolution
		SolutionGuid = {A233968E-5B9C-4C8E-B4B5-DC72B65D0A89}
	EndGlobalSection
EndGlobal
